
Microsoft Visual Studio Solution File, Format Version 12.00
# Visual Studio Version 17
VisualStudioVersion = 17.9.34607.119
MinimumVisualStudioVersion = 10.0.40219.1
Project("{FAE04EC0-301F-11D3-BF4B-00C04F79EFBC}") = "FareyRow", "FareyRow\FareyRow.csproj", "{BA91D04A-920A-4BD0-9C58-FE05BB8D762B}"
EndProject
Global
	GlobalSection(SolutionConfigurationPlatforms) = preSolution
		Debug|Any CPU = Debug|Any CPU
		Release|Any CPU = Release|Any CPU
	EndGlobalSection
	GlobalSection(ProjectConfigurationPlatforms) = postSolution
		{BA91D04A-920A-4BD0-9C58-FE05BB8D762B}.Debug|Any CPU.ActiveCfg = Debug|Any CPU
		{BA91D04A-920A-4BD0-9C58-FE05BB8D762B}.Debug|Any CPU.Build.0 = Debug|Any CPU
		{BA91D04A-920A-4BD0-9C58-FE05BB8D762B}.Release|Any CPU.ActiveCfg = Release|Any CPU
		{BA91D04A-920A-4BD0-9C58-FE05BB8D762B}.Release|Any CPU.Build.0 = Release|Any CPU
	EndGlobalSection
	GlobalSection(SolutionProperties) = preSolution
		HideSolutionNode = FALSE
	EndGlobalSection
	GlobalSection(ExtensibilityGlobals) = postSolution
		SolutionGuid = {4CB0411A-FAB5-45BB-9804-622B2B0F76AC}
	EndGlobalSection
EndGlobal
