
Microsoft Visual Studio Solution File, Format Version 12.00
# Visual Studio Version 17
<<<<<<< HEAD
VisualStudioVersion = 17.9.34622.214
MinimumVisualStudioVersion = 10.0.40219.1
Project("{FAE04EC0-301F-11D3-BF4B-00C04F79EFBC}") = "LinqObj7", "LinqObj7\LinqObj7.csproj", "{F7B6B641-9E82-4774-8710-44EDF7A94FA0}"
=======
VisualStudioVersion = 17.9.34701.34
MinimumVisualStudioVersion = 10.0.40219.1
Project("{FAE04EC0-301F-11D3-BF4B-00C04F79EFBC}") = "LinqObj7", "LinqObj7\LinqObj7.csproj", "{07CE9D92-08FB-4F40-A75F-A2FDF4803943}"
>>>>>>> 456944f2bf1a92b6eb328e56192b41bf387d4fe5
EndProject
Global
	GlobalSection(SolutionConfigurationPlatforms) = preSolution
		Debug|Any CPU = Debug|Any CPU
		Release|Any CPU = Release|Any CPU
	EndGlobalSection
	GlobalSection(ProjectConfigurationPlatforms) = postSolution
<<<<<<< HEAD
		{F7B6B641-9E82-4774-8710-44EDF7A94FA0}.Debug|Any CPU.ActiveCfg = Debug|Any CPU
		{F7B6B641-9E82-4774-8710-44EDF7A94FA0}.Debug|Any CPU.Build.0 = Debug|Any CPU
		{F7B6B641-9E82-4774-8710-44EDF7A94FA0}.Release|Any CPU.ActiveCfg = Release|Any CPU
		{F7B6B641-9E82-4774-8710-44EDF7A94FA0}.Release|Any CPU.Build.0 = Release|Any CPU
=======
		{07CE9D92-08FB-4F40-A75F-A2FDF4803943}.Debug|Any CPU.ActiveCfg = Debug|Any CPU
		{07CE9D92-08FB-4F40-A75F-A2FDF4803943}.Debug|Any CPU.Build.0 = Debug|Any CPU
		{07CE9D92-08FB-4F40-A75F-A2FDF4803943}.Release|Any CPU.ActiveCfg = Release|Any CPU
		{07CE9D92-08FB-4F40-A75F-A2FDF4803943}.Release|Any CPU.Build.0 = Release|Any CPU
>>>>>>> 456944f2bf1a92b6eb328e56192b41bf387d4fe5
	EndGlobalSection
	GlobalSection(SolutionProperties) = preSolution
		HideSolutionNode = FALSE
	EndGlobalSection
	GlobalSection(ExtensibilityGlobals) = postSolution
<<<<<<< HEAD
		SolutionGuid = {94248E25-CDDB-40CF-BC69-998C61E6F958}
=======
		SolutionGuid = {EA032C28-73A1-4614-B260-C42553A93B3E}
>>>>>>> 456944f2bf1a92b6eb328e56192b41bf387d4fe5
	EndGlobalSection
EndGlobal
