
Microsoft Visual Studio Solution File, Format Version 12.00
# Visual Studio Version 17
VisualStudioVersion = 17.9.34701.34
MinimumVisualStudioVersion = 10.0.40219.1
Project("{FAE04EC0-301F-11D3-BF4B-00C04F79EFBC}") = "LinqObj62", "LinqObj62\LinqObj62.csproj", "{18F8DA9F-B8B8-4403-A213-597B9E36B0B1}"
EndProject
Global
	GlobalSection(SolutionConfigurationPlatforms) = preSolution
		Debug|Any CPU = Debug|Any CPU
		Release|Any CPU = Release|Any CPU
	EndGlobalSection
	GlobalSection(ProjectConfigurationPlatforms) = postSolution
		{18F8DA9F-B8B8-4403-A213-597B9E36B0B1}.Debug|Any CPU.ActiveCfg = Debug|Any CPU
		{18F8DA9F-B8B8-4403-A213-597B9E36B0B1}.Debug|Any CPU.Build.0 = Debug|Any CPU
		{18F8DA9F-B8B8-4403-A213-597B9E36B0B1}.Release|Any CPU.ActiveCfg = Release|Any CPU
		{18F8DA9F-B8B8-4403-A213-597B9E36B0B1}.Release|Any CPU.Build.0 = Release|Any CPU
	EndGlobalSection
	GlobalSection(SolutionProperties) = preSolution
		HideSolutionNode = FALSE
	EndGlobalSection
	GlobalSection(ExtensibilityGlobals) = postSolution
		SolutionGuid = {CCC92E4B-AE06-4C02-8C7C-B9FF1C3F3508}
	EndGlobalSection
EndGlobal
