
Microsoft Visual Studio Solution File, Format Version 12.00
# Visual Studio Version 17
VisualStudioVersion = 17.9.34607.119
MinimumVisualStudioVersion = 10.0.40219.1
Project("{FAE04EC0-301F-11D3-BF4B-00C04F79EFBC}") = "Brackets", "Brackets\Brackets.csproj", "{24DC1F79-002D-4015-B025-02A36A5BE1CC}"
EndProject
Global
	GlobalSection(SolutionConfigurationPlatforms) = preSolution
		Debug|Any CPU = Debug|Any CPU
		Release|Any CPU = Release|Any CPU
	EndGlobalSection
	GlobalSection(ProjectConfigurationPlatforms) = postSolution
		{24DC1F79-002D-4015-B025-02A36A5BE1CC}.Debug|Any CPU.ActiveCfg = Debug|Any CPU
		{24DC1F79-002D-4015-B025-02A36A5BE1CC}.Debug|Any CPU.Build.0 = Debug|Any CPU
		{24DC1F79-002D-4015-B025-02A36A5BE1CC}.Release|Any CPU.ActiveCfg = Release|Any CPU
		{24DC1F79-002D-4015-B025-02A36A5BE1CC}.Release|Any CPU.Build.0 = Release|Any CPU
	EndGlobalSection
	GlobalSection(SolutionProperties) = preSolution
		HideSolutionNode = FALSE
	EndGlobalSection
	GlobalSection(ExtensibilityGlobals) = postSolution
		SolutionGuid = {AB07D206-7271-45FE-895D-BC0FF5AEA604}
	EndGlobalSection
EndGlobal
