
Microsoft Visual Studio Solution File, Format Version 12.00
# Visual Studio Version 17
VisualStudioVersion = 17.9.34701.34
MinimumVisualStudioVersion = 10.0.40219.1
Project("{FAE04EC0-301F-11D3-BF4B-00C04F79EFBC}") = "LinqObj51", "LinqObj51\LinqObj51.csproj", "{D9045408-BB24-44AE-86E7-69E3BC379579}"
EndProject
Global
	GlobalSection(SolutionConfigurationPlatforms) = preSolution
		Debug|Any CPU = Debug|Any CPU
		Release|Any CPU = Release|Any CPU
	EndGlobalSection
	GlobalSection(ProjectConfigurationPlatforms) = postSolution
		{D9045408-BB24-44AE-86E7-69E3BC379579}.Debug|Any CPU.ActiveCfg = Debug|Any CPU
		{D9045408-BB24-44AE-86E7-69E3BC379579}.Debug|Any CPU.Build.0 = Debug|Any CPU
		{D9045408-BB24-44AE-86E7-69E3BC379579}.Release|Any CPU.ActiveCfg = Release|Any CPU
		{D9045408-BB24-44AE-86E7-69E3BC379579}.Release|Any CPU.Build.0 = Release|Any CPU
	EndGlobalSection
	GlobalSection(SolutionProperties) = preSolution
		HideSolutionNode = FALSE
	EndGlobalSection
	GlobalSection(ExtensibilityGlobals) = postSolution
		SolutionGuid = {D24E7FAB-05A0-474D-9134-21A3966C7AEF}
	EndGlobalSection
EndGlobal
